
Microsoft Visual Studio Solution File, Format Version 12.00
# Visual Studio Version 16
VisualStudioVersion = 16.0.29905.134
MinimumVisualStudioVersion = 10.0.40219.1
Project("{2150E333-8FDC-42A3-9474-1A3956D46DE8}") = "src", "src", "{CC3D977F-8239-444A-ADFD-DDE22AE5E993}"
EndProject
Project("{2150E333-8FDC-42A3-9474-1A3956D46DE8}") = "Solution Items", "Solution Items", "{55E51874-28F8-43CF-BFBE-338C9F4124DB}"
	ProjectSection(SolutionItems) = preProject
		.gitattributes = .gitattributes
		.gitignore = .gitignore
		common.props = common.props
		LICENSE = LICENSE
		README.md = README.md
	EndProjectSection
EndProject
Project("{2150E333-8FDC-42A3-9474-1A3956D46DE8}") = "tests", "tests", "{5359754A-33EC-4FE5-B958-8EBE13CDA68F}"
EndProject
Project("{2150E333-8FDC-42A3-9474-1A3956D46DE8}") = "nupkg", "nupkg", "{695A18EA-1D28-45D7-A8B4-99F971EAC627}"
	ProjectSection(SolutionItems) = preProject
		nupkg\common.ps1 = nupkg\common.ps1
		nupkg\pack.ps1 = nupkg\pack.ps1
		nupkg\push_packages.ps1 = nupkg\push_packages.ps1
	EndProjectSection
EndProject
Project("{9A19103F-16F7-4668-BE54-9A1E7A4F7556}") = "Riven", "src\Riven\Riven.csproj", "{56425D4A-E7E0-491F-82A0-2C078796149A}"
EndProject
Project("{9A19103F-16F7-4668-BE54-9A1E7A4F7556}") = "Riven.Domain", "src\Riven.Domain\Riven.Domain.csproj", "{04EA43B9-9BEC-4F39-BE0F-6886324BECAF}"
EndProject
Project("{9A19103F-16F7-4668-BE54-9A1E7A4F7556}") = "Riven.Localization", "src\Riven.Localization\Riven.Localization.csproj", "{A9E78704-037F-4DC5-88C1-E0D4B157B61F}"
EndProject
Project("{9A19103F-16F7-4668-BE54-9A1E7A4F7556}") = "Riven.Mapster", "src\Riven.Mapster\Riven.Mapster.csproj", "{DA940A8B-E949-442A-8A26-C5010DE7E670}"
EndProject
Project("{9A19103F-16F7-4668-BE54-9A1E7A4F7556}") = "Riven.UnitOfWork", "src\Riven.UnitOfWork\Riven.UnitOfWork.csproj", "{F3C3C36B-D6F0-4CA2-A6EE-1662FC301E06}"
EndProject
Project("{9A19103F-16F7-4668-BE54-9A1E7A4F7556}") = "Riven.UnitOfWork.EntityFrameworkCore", "src\Riven.UnitOfWork.EntityFrameworkCore\Riven.UnitOfWork.EntityFrameworkCore.csproj", "{54471BF1-2ECB-4BB9-BEBD-92B5846A370D}"
EndProject
Project("{9A19103F-16F7-4668-BE54-9A1E7A4F7556}") = "Riven.AspectCore", "src\Riven.AspectCore\Riven.AspectCore.csproj", "{F64DCC34-FEE7-452E-8D3D-800E2C73EAFE}"
EndProject
Global
	GlobalSection(SolutionConfigurationPlatforms) = preSolution
		Debug|Any CPU = Debug|Any CPU
		Release|Any CPU = Release|Any CPU
	EndGlobalSection
	GlobalSection(ProjectConfigurationPlatforms) = postSolution
		{56425D4A-E7E0-491F-82A0-2C078796149A}.Debug|Any CPU.ActiveCfg = Debug|Any CPU
		{56425D4A-E7E0-491F-82A0-2C078796149A}.Debug|Any CPU.Build.0 = Debug|Any CPU
		{56425D4A-E7E0-491F-82A0-2C078796149A}.Release|Any CPU.ActiveCfg = Release|Any CPU
		{56425D4A-E7E0-491F-82A0-2C078796149A}.Release|Any CPU.Build.0 = Release|Any CPU
		{04EA43B9-9BEC-4F39-BE0F-6886324BECAF}.Debug|Any CPU.ActiveCfg = Debug|Any CPU
		{04EA43B9-9BEC-4F39-BE0F-6886324BECAF}.Debug|Any CPU.Build.0 = Debug|Any CPU
		{04EA43B9-9BEC-4F39-BE0F-6886324BECAF}.Release|Any CPU.ActiveCfg = Release|Any CPU
		{04EA43B9-9BEC-4F39-BE0F-6886324BECAF}.Release|Any CPU.Build.0 = Release|Any CPU
		{A9E78704-037F-4DC5-88C1-E0D4B157B61F}.Debug|Any CPU.ActiveCfg = Debug|Any CPU
		{A9E78704-037F-4DC5-88C1-E0D4B157B61F}.Debug|Any CPU.Build.0 = Debug|Any CPU
		{A9E78704-037F-4DC5-88C1-E0D4B157B61F}.Release|Any CPU.ActiveCfg = Release|Any CPU
		{A9E78704-037F-4DC5-88C1-E0D4B157B61F}.Release|Any CPU.Build.0 = Release|Any CPU
		{DA940A8B-E949-442A-8A26-C5010DE7E670}.Debug|Any CPU.ActiveCfg = Debug|Any CPU
		{DA940A8B-E949-442A-8A26-C5010DE7E670}.Debug|Any CPU.Build.0 = Debug|Any CPU
		{DA940A8B-E949-442A-8A26-C5010DE7E670}.Release|Any CPU.ActiveCfg = Release|Any CPU
		{DA940A8B-E949-442A-8A26-C5010DE7E670}.Release|Any CPU.Build.0 = Release|Any CPU
		{F3C3C36B-D6F0-4CA2-A6EE-1662FC301E06}.Debug|Any CPU.ActiveCfg = Debug|Any CPU
		{F3C3C36B-D6F0-4CA2-A6EE-1662FC301E06}.Debug|Any CPU.Build.0 = Debug|Any CPU
		{F3C3C36B-D6F0-4CA2-A6EE-1662FC301E06}.Release|Any CPU.ActiveCfg = Release|Any CPU
		{F3C3C36B-D6F0-4CA2-A6EE-1662FC301E06}.Release|Any CPU.Build.0 = Release|Any CPU
		{54471BF1-2ECB-4BB9-BEBD-92B5846A370D}.Debug|Any CPU.ActiveCfg = Debug|Any CPU
		{54471BF1-2ECB-4BB9-BEBD-92B5846A370D}.Debug|Any CPU.Build.0 = Debug|Any CPU
		{54471BF1-2ECB-4BB9-BEBD-92B5846A370D}.Release|Any CPU.ActiveCfg = Release|Any CPU
		{54471BF1-2ECB-4BB9-BEBD-92B5846A370D}.Release|Any CPU.Build.0 = Release|Any CPU
		{F64DCC34-FEE7-452E-8D3D-800E2C73EAFE}.Debug|Any CPU.ActiveCfg = Debug|Any CPU
		{F64DCC34-FEE7-452E-8D3D-800E2C73EAFE}.Debug|Any CPU.Build.0 = Debug|Any CPU
		{F64DCC34-FEE7-452E-8D3D-800E2C73EAFE}.Release|Any CPU.ActiveCfg = Release|Any CPU
		{F64DCC34-FEE7-452E-8D3D-800E2C73EAFE}.Release|Any CPU.Build.0 = Release|Any CPU
	EndGlobalSection
	GlobalSection(SolutionProperties) = preSolution
		HideSolutionNode = FALSE
	EndGlobalSection
	GlobalSection(NestedProjects) = preSolution
		{695A18EA-1D28-45D7-A8B4-99F971EAC627} = {55E51874-28F8-43CF-BFBE-338C9F4124DB}
		{56425D4A-E7E0-491F-82A0-2C078796149A} = {CC3D977F-8239-444A-ADFD-DDE22AE5E993}
		{04EA43B9-9BEC-4F39-BE0F-6886324BECAF} = {CC3D977F-8239-444A-ADFD-DDE22AE5E993}
		{A9E78704-037F-4DC5-88C1-E0D4B157B61F} = {CC3D977F-8239-444A-ADFD-DDE22AE5E993}
		{DA940A8B-E949-442A-8A26-C5010DE7E670} = {CC3D977F-8239-444A-ADFD-DDE22AE5E993}
		{F3C3C36B-D6F0-4CA2-A6EE-1662FC301E06} = {CC3D977F-8239-444A-ADFD-DDE22AE5E993}
		{54471BF1-2ECB-4BB9-BEBD-92B5846A370D} = {CC3D977F-8239-444A-ADFD-DDE22AE5E993}
		{F64DCC34-FEE7-452E-8D3D-800E2C73EAFE} = {CC3D977F-8239-444A-ADFD-DDE22AE5E993}
	EndGlobalSection
	GlobalSection(ExtensibilityGlobals) = postSolution
		SolutionGuid = {82681AFF-9974-4E44-B9E3-92562502F471}
	EndGlobalSection
EndGlobal
