
Microsoft Visual Studio Solution File, Format Version 12.00
# Visual Studio Version 16
VisualStudioVersion = 16.0.29905.134
MinimumVisualStudioVersion = 10.0.40219.1
Project("{2150E333-8FDC-42A3-9474-1A3956D46DE8}") = "src", "src", "{CC3D977F-8239-444A-ADFD-DDE22AE5E993}"
EndProject
Project("{2150E333-8FDC-42A3-9474-1A3956D46DE8}") = "Solution Items", "Solution Items", "{55E51874-28F8-43CF-BFBE-338C9F4124DB}"
	ProjectSection(SolutionItems) = preProject
		.gitattributes = .gitattributes
		.gitignore = .gitignore
		azure-pipelines.yml = azure-pipelines.yml
		common.props = common.props
		global.json = global.json
		LICENSE = LICENSE
		README.md = README.md
		RELEASE_NOTES.md = RELEASE_NOTES.md
		repository_info.props = repository_info.props
		version.props = version.props
	EndProjectSection
EndProject
Project("{2150E333-8FDC-42A3-9474-1A3956D46DE8}") = "tests", "tests", "{5359754A-33EC-4FE5-B958-8EBE13CDA68F}"
EndProject
Project("{2150E333-8FDC-42A3-9474-1A3956D46DE8}") = "nupkg", "nupkg", "{695A18EA-1D28-45D7-A8B4-99F971EAC627}"
	ProjectSection(SolutionItems) = preProject
		nupkg\common.ps1 = nupkg\common.ps1
		nupkg\pack.ps1 = nupkg\pack.ps1
		nupkg\push_packages.ps1 = nupkg\push_packages.ps1
	EndProjectSection
EndProject
Project("{9A19103F-16F7-4668-BE54-9A1E7A4F7556}") = "Riven", "src\Riven\Riven.csproj", "{56425D4A-E7E0-491F-82A0-2C078796149A}"
EndProject
Project("{9A19103F-16F7-4668-BE54-9A1E7A4F7556}") = "Riven.Domain", "src\Riven.Domain\Riven.Domain.csproj", "{04EA43B9-9BEC-4F39-BE0F-6886324BECAF}"
EndProject
Project("{9A19103F-16F7-4668-BE54-9A1E7A4F7556}") = "Riven.Localization", "src\Riven.Localization\Riven.Localization.csproj", "{A9E78704-037F-4DC5-88C1-E0D4B157B61F}"
EndProject
Project("{9A19103F-16F7-4668-BE54-9A1E7A4F7556}") = "Riven.Mapster", "src\Riven.Mapster\Riven.Mapster.csproj", "{DA940A8B-E949-442A-8A26-C5010DE7E670}"
EndProject
Project("{9A19103F-16F7-4668-BE54-9A1E7A4F7556}") = "Riven.UnitOfWork", "src\Riven.UnitOfWork\Riven.UnitOfWork.csproj", "{F3C3C36B-D6F0-4CA2-A6EE-1662FC301E06}"
EndProject
Project("{9A19103F-16F7-4668-BE54-9A1E7A4F7556}") = "Riven.UnitOfWork.EntityFrameworkCore", "src\Riven.UnitOfWork.EntityFrameworkCore\Riven.UnitOfWork.EntityFrameworkCore.csproj", "{54471BF1-2ECB-4BB9-BEBD-92B5846A370D}"
EndProject
Project("{9A19103F-16F7-4668-BE54-9A1E7A4F7556}") = "Riven.AspectCore", "src\Riven.AspectCore\Riven.AspectCore.csproj", "{F64DCC34-FEE7-452E-8D3D-800E2C73EAFE}"
EndProject
Project("{9A19103F-16F7-4668-BE54-9A1E7A4F7556}") = "Riven.AspNetCore", "src\Riven.AspNetCore\Riven.AspNetCore.csproj", "{6E3483A7-1568-4779-903B-417A77FEC9A8}"
EndProject
Project("{9A19103F-16F7-4668-BE54-9A1E7A4F7556}") = "Riven.AspNetCore.Uow", "src\Riven.AspNetCore.Uow\Riven.AspNetCore.Uow.csproj", "{4AC54D5A-8745-449B-A9FF-512C8A5CBFB0}"
EndProject
Project("{9A19103F-16F7-4668-BE54-9A1E7A4F7556}") = "Riven.AspNetCore.Swashbuckle", "src\Riven.AspNetCore.Swashbuckle\Riven.AspNetCore.Swashbuckle.csproj", "{751B97A4-40EB-4D3C-A1C1-C42131053664}"
EndProject
Project("{9A19103F-16F7-4668-BE54-9A1E7A4F7556}") = "Riven.AspNetCore.Identity", "src\Riven.AspNetCore.Identity\Riven.AspNetCore.Identity.csproj", "{6C3A25A1-9837-42A0-B993-DB567696F93D}"
EndProject
Project("{9A19103F-16F7-4668-BE54-9A1E7A4F7556}") = "Riven.AspNetCore.Modular", "src\Riven.AspNetCore.Modular\Riven.AspNetCore.Modular.csproj", "{11AB8A7C-7850-4C5F-A878-C85F7277D4DD}"
EndProject
Project("{9A19103F-16F7-4668-BE54-9A1E7A4F7556}") = "Riven.UnitOfWork.Dapper", "src\Riven.UnitOfWork.Dapper\Riven.UnitOfWork.Dapper.csproj", "{0E3E681E-9BF7-4FEB-B51D-F55AD4CA3CFB}"
EndProject
Project("{9A19103F-16F7-4668-BE54-9A1E7A4F7556}") = "Riven.AspNetCore.Localization", "src\Riven.AspNetCore.Localization\Riven.AspNetCore.Localization.csproj", "{4FA2681E-02E1-4D1D-B1BF-BAA18A3455DD}"
EndProject
Project("{2150E333-8FDC-42A3-9474-1A3956D46DE8}") = "docs", "docs", "{F55E25AD-0A8D-419E-803C-2818BAF27130}"
	ProjectSection(SolutionItems) = preProject
		docs\main.md = docs\main.md
	EndProjectSection
EndProject
Project("{2150E333-8FDC-42A3-9474-1A3956D46DE8}") = "images", "images", "{ADC12579-EA4F-4527-B8A4-B0D874C1ABC2}"
	ProjectSection(SolutionItems) = preProject
		docs\images\logo.png = docs\images\logo.png
	EndProjectSection
EndProject
Project("{9A19103F-16F7-4668-BE54-9A1E7A4F7556}") = "Riven.Tests", "tests\Riven.Tests\Riven.Tests.csproj", "{78F60817-DDCC-4543-824F-27EAF6FDD1D7}"
EndProject
Project("{9A19103F-16F7-4668-BE54-9A1E7A4F7556}") = "RivenTestsBase", "tests\RivenTestsBase\RivenTestsBase.csproj", "{25518AEC-C914-48D2-BDF7-DD14F82F5280}"
EndProject
Project("{9A19103F-16F7-4668-BE54-9A1E7A4F7556}") = "Riven.Domain.EntityFrameworkCore", "src\Riven.Domain.EntityFrameworkCore\Riven.Domain.EntityFrameworkCore.csproj", "{BC4B0287-626C-4325-B202-38C6F0C62A61}"
EndProject
Project("{2150E333-8FDC-42A3-9474-1A3956D46DE8}") = ".github", ".github", "{195C9CA7-4EA8-4856-9E67-BDC47D23D3CC}"
EndProject
Project("{2150E333-8FDC-42A3-9474-1A3956D46DE8}") = "workflows", "workflows", "{B2CB0130-3E4C-4586-90D6-B117D62F5DF3}"
	ProjectSection(SolutionItems) = preProject
		.github\workflows\build_and_publish_nuget.yml = .github\workflows\build_and_publish_nuget.yml
	EndProjectSection
EndProject
Project("{9A19103F-16F7-4668-BE54-9A1E7A4F7556}") = "Riven.AspNetCore.Tests", "tests\Riven.AspNetCore.Tests\Riven.AspNetCore.Tests.csproj", "{6A2F8208-63BC-441C-86FB-1956AEE2CD22}"
EndProject
Project("{9A19103F-16F7-4668-BE54-9A1E7A4F7556}") = "Riven.AspNetCore.Identity.Tests", "tests\Riven.AspNetCore.Identity.Tests\Riven.AspNetCore.Identity.Tests.csproj", "{26679D2F-8E73-4A67-814C-E54A37597D86}"
EndProject
Project("{9A19103F-16F7-4668-BE54-9A1E7A4F7556}") = "Riven.AspNetCore.Localization.Tests", "tests\Riven.AspNetCore.Localization.Tests\Riven.AspNetCore.Localization.Tests.csproj", "{2D739D2F-3D0E-43E9-B5C1-79E8BC1531A3}"
EndProject
Project("{9A19103F-16F7-4668-BE54-9A1E7A4F7556}") = "Riven.AspNetCore.Modular.Tests", "tests\Riven.AspNetCore.Modular.Tests\Riven.AspNetCore.Modular.Tests.csproj", "{207A6EFE-E39A-485D-AC1C-086E08553602}"
EndProject
Project("{9A19103F-16F7-4668-BE54-9A1E7A4F7556}") = "Riven.AspNetCore.Swashbuckle.Tests", "tests\Riven.AspNetCore.Swashbuckle.Tests\Riven.AspNetCore.Swashbuckle.Tests.csproj", "{D81FE524-9F92-4C33-8ED7-7E8EB1DCB883}"
EndProject
Project("{9A19103F-16F7-4668-BE54-9A1E7A4F7556}") = "Riven.AspNetCore.Uow.Tests", "tests\Riven.AspNetCore.Uow.Tests\Riven.AspNetCore.Uow.Tests.csproj", "{6DD76A59-0250-49AE-AD17-836046A1E51B}"
EndProject
Project("{9A19103F-16F7-4668-BE54-9A1E7A4F7556}") = "Riven.Domain.Tests", "tests\Riven.Domain.Tests\Riven.Domain.Tests.csproj", "{E1177EE1-2FAA-400A-9E9B-DAF9A34A9326}"
EndProject
Project("{9A19103F-16F7-4668-BE54-9A1E7A4F7556}") = "Riven.Domain.EntityFrameworkCore.Tests", "tests\Riven.Domain.EntityFrameworkCore.Tests\Riven.Domain.EntityFrameworkCore.Tests.csproj", "{3CCB83EB-DC13-423C-8992-E6302E7769F2}"
EndProject
Project("{9A19103F-16F7-4668-BE54-9A1E7A4F7556}") = "Riven.Localization.Tests", "tests\Riven.Localization.Tests\Riven.Localization.Tests.csproj", "{BD389A38-D3EC-402A-B1F9-051E06353ECF}"
EndProject
Project("{9A19103F-16F7-4668-BE54-9A1E7A4F7556}") = "Riven.Mapster.Tests", "tests\Riven.Mapster.Tests\Riven.Mapster.Tests.csproj", "{B3AF68E0-3D99-4A3D-A6C4-3CE9547FE2A9}"
EndProject
Project("{9A19103F-16F7-4668-BE54-9A1E7A4F7556}") = "Riven.UnitOfWork.Tests", "tests\Riven.UnitOfWork.Tests\Riven.UnitOfWork.Tests.csproj", "{EABE3DBB-1F21-49C0-88A7-8911467680AE}"
EndProject
Project("{9A19103F-16F7-4668-BE54-9A1E7A4F7556}") = "Riven.UnitOfWork.Dapper.Tests", "tests\Riven.UnitOfWork.Dapper.Tests\Riven.UnitOfWork.Dapper.Tests.csproj", "{E203F1C1-E9AD-4F62-9789-1BAB37A6E64C}"
EndProject
Project("{9A19103F-16F7-4668-BE54-9A1E7A4F7556}") = "Riven.UnitOfWork.EntityFrameworkCore.Tests", "tests\Riven.UnitOfWork.EntityFrameworkCore.Tests\Riven.UnitOfWork.EntityFrameworkCore.Tests.csproj", "{F60E58C9-6FA5-4CB2-AD0A-ABECAE0365DB}"
EndProject
Project("{9A19103F-16F7-4668-BE54-9A1E7A4F7556}") = "Riven.AspectCore.Tests", "tests\Riven.AspectCore.Tests\Riven.AspectCore.Tests.csproj", "{FBB5E96E-485B-459F-BC9A-AE9032FA067D}"
EndProject
Project("{9A19103F-16F7-4668-BE54-9A1E7A4F7556}") = "Riven.Dependency", "src\Riven.Dependency\Riven.Dependency.csproj", "{11FB5673-638E-4596-ABF6-40E863CCB012}"
EndProject
Project("{9A19103F-16F7-4668-BE54-9A1E7A4F7556}") = "Riven.Dependency.Tests", "tests\Riven.Dependency.Tests\Riven.Dependency.Tests.csproj", "{A95942E0-2B55-4F97-8144-1F4EAB64EA73}"
EndProject
Project("{9A19103F-16F7-4668-BE54-9A1E7A4F7556}") = "Riven.Data", "src\Riven.Data\Riven.Data.csproj", "{C69324CB-8B08-4327-9974-66A8C194CEF1}"
EndProject
Project("{FAE04EC0-301F-11D3-BF4B-00C04F79EFBC}") = "Riven.Identity", "src\Riven.Identity\Riven.Identity.csproj", "{73F9D80D-5713-429F-B8BB-A4AA0D970C52}"
EndProject
Project("{FAE04EC0-301F-11D3-BF4B-00C04F79EFBC}") = "Riven.Identity.AspNetCore", "src\Riven.Identity.AspNetCore\Riven.Identity.AspNetCore.csproj", "{56A137D9-635A-4719-915E-C7BF66E2A13A}"
EndProject
Project("{FAE04EC0-301F-11D3-BF4B-00C04F79EFBC}") = "Riven.Identity.EntityFrameworkCore", "src\Riven.Identity.EntityFrameworkCore\Riven.Identity.EntityFrameworkCore.csproj", "{79989F16-D4A6-4468-8214-06D97C561A5B}"
EndProject
Global
	GlobalSection(SolutionConfigurationPlatforms) = preSolution
		Debug|Any CPU = Debug|Any CPU
		Release|Any CPU = Release|Any CPU
	EndGlobalSection
	GlobalSection(ProjectConfigurationPlatforms) = postSolution
		{56425D4A-E7E0-491F-82A0-2C078796149A}.Debug|Any CPU.ActiveCfg = Debug|Any CPU
		{56425D4A-E7E0-491F-82A0-2C078796149A}.Debug|Any CPU.Build.0 = Debug|Any CPU
		{56425D4A-E7E0-491F-82A0-2C078796149A}.Release|Any CPU.ActiveCfg = Release|Any CPU
		{56425D4A-E7E0-491F-82A0-2C078796149A}.Release|Any CPU.Build.0 = Release|Any CPU
		{04EA43B9-9BEC-4F39-BE0F-6886324BECAF}.Debug|Any CPU.ActiveCfg = Debug|Any CPU
		{04EA43B9-9BEC-4F39-BE0F-6886324BECAF}.Debug|Any CPU.Build.0 = Debug|Any CPU
		{04EA43B9-9BEC-4F39-BE0F-6886324BECAF}.Release|Any CPU.ActiveCfg = Release|Any CPU
		{04EA43B9-9BEC-4F39-BE0F-6886324BECAF}.Release|Any CPU.Build.0 = Release|Any CPU
		{A9E78704-037F-4DC5-88C1-E0D4B157B61F}.Debug|Any CPU.ActiveCfg = Debug|Any CPU
		{A9E78704-037F-4DC5-88C1-E0D4B157B61F}.Debug|Any CPU.Build.0 = Debug|Any CPU
		{A9E78704-037F-4DC5-88C1-E0D4B157B61F}.Release|Any CPU.ActiveCfg = Release|Any CPU
		{A9E78704-037F-4DC5-88C1-E0D4B157B61F}.Release|Any CPU.Build.0 = Release|Any CPU
		{DA940A8B-E949-442A-8A26-C5010DE7E670}.Debug|Any CPU.ActiveCfg = Debug|Any CPU
		{DA940A8B-E949-442A-8A26-C5010DE7E670}.Debug|Any CPU.Build.0 = Debug|Any CPU
		{DA940A8B-E949-442A-8A26-C5010DE7E670}.Release|Any CPU.ActiveCfg = Release|Any CPU
		{DA940A8B-E949-442A-8A26-C5010DE7E670}.Release|Any CPU.Build.0 = Release|Any CPU
		{F3C3C36B-D6F0-4CA2-A6EE-1662FC301E06}.Debug|Any CPU.ActiveCfg = Debug|Any CPU
		{F3C3C36B-D6F0-4CA2-A6EE-1662FC301E06}.Debug|Any CPU.Build.0 = Debug|Any CPU
		{F3C3C36B-D6F0-4CA2-A6EE-1662FC301E06}.Release|Any CPU.ActiveCfg = Release|Any CPU
		{F3C3C36B-D6F0-4CA2-A6EE-1662FC301E06}.Release|Any CPU.Build.0 = Release|Any CPU
		{54471BF1-2ECB-4BB9-BEBD-92B5846A370D}.Debug|Any CPU.ActiveCfg = Debug|Any CPU
		{54471BF1-2ECB-4BB9-BEBD-92B5846A370D}.Debug|Any CPU.Build.0 = Debug|Any CPU
		{54471BF1-2ECB-4BB9-BEBD-92B5846A370D}.Release|Any CPU.ActiveCfg = Release|Any CPU
		{54471BF1-2ECB-4BB9-BEBD-92B5846A370D}.Release|Any CPU.Build.0 = Release|Any CPU
		{F64DCC34-FEE7-452E-8D3D-800E2C73EAFE}.Debug|Any CPU.ActiveCfg = Debug|Any CPU
		{F64DCC34-FEE7-452E-8D3D-800E2C73EAFE}.Debug|Any CPU.Build.0 = Debug|Any CPU
		{F64DCC34-FEE7-452E-8D3D-800E2C73EAFE}.Release|Any CPU.ActiveCfg = Release|Any CPU
		{F64DCC34-FEE7-452E-8D3D-800E2C73EAFE}.Release|Any CPU.Build.0 = Release|Any CPU
		{6E3483A7-1568-4779-903B-417A77FEC9A8}.Debug|Any CPU.ActiveCfg = Debug|Any CPU
		{6E3483A7-1568-4779-903B-417A77FEC9A8}.Debug|Any CPU.Build.0 = Debug|Any CPU
		{6E3483A7-1568-4779-903B-417A77FEC9A8}.Release|Any CPU.ActiveCfg = Release|Any CPU
		{6E3483A7-1568-4779-903B-417A77FEC9A8}.Release|Any CPU.Build.0 = Release|Any CPU
		{4AC54D5A-8745-449B-A9FF-512C8A5CBFB0}.Debug|Any CPU.ActiveCfg = Debug|Any CPU
		{4AC54D5A-8745-449B-A9FF-512C8A5CBFB0}.Debug|Any CPU.Build.0 = Debug|Any CPU
		{4AC54D5A-8745-449B-A9FF-512C8A5CBFB0}.Release|Any CPU.ActiveCfg = Release|Any CPU
		{4AC54D5A-8745-449B-A9FF-512C8A5CBFB0}.Release|Any CPU.Build.0 = Release|Any CPU
		{751B97A4-40EB-4D3C-A1C1-C42131053664}.Debug|Any CPU.ActiveCfg = Debug|Any CPU
		{751B97A4-40EB-4D3C-A1C1-C42131053664}.Debug|Any CPU.Build.0 = Debug|Any CPU
		{751B97A4-40EB-4D3C-A1C1-C42131053664}.Release|Any CPU.ActiveCfg = Release|Any CPU
		{751B97A4-40EB-4D3C-A1C1-C42131053664}.Release|Any CPU.Build.0 = Release|Any CPU
		{6C3A25A1-9837-42A0-B993-DB567696F93D}.Debug|Any CPU.ActiveCfg = Debug|Any CPU
		{6C3A25A1-9837-42A0-B993-DB567696F93D}.Debug|Any CPU.Build.0 = Debug|Any CPU
		{6C3A25A1-9837-42A0-B993-DB567696F93D}.Release|Any CPU.ActiveCfg = Release|Any CPU
		{6C3A25A1-9837-42A0-B993-DB567696F93D}.Release|Any CPU.Build.0 = Release|Any CPU
		{11AB8A7C-7850-4C5F-A878-C85F7277D4DD}.Debug|Any CPU.ActiveCfg = Debug|Any CPU
		{11AB8A7C-7850-4C5F-A878-C85F7277D4DD}.Debug|Any CPU.Build.0 = Debug|Any CPU
		{11AB8A7C-7850-4C5F-A878-C85F7277D4DD}.Release|Any CPU.ActiveCfg = Release|Any CPU
		{11AB8A7C-7850-4C5F-A878-C85F7277D4DD}.Release|Any CPU.Build.0 = Release|Any CPU
		{0E3E681E-9BF7-4FEB-B51D-F55AD4CA3CFB}.Debug|Any CPU.ActiveCfg = Debug|Any CPU
		{0E3E681E-9BF7-4FEB-B51D-F55AD4CA3CFB}.Debug|Any CPU.Build.0 = Debug|Any CPU
		{0E3E681E-9BF7-4FEB-B51D-F55AD4CA3CFB}.Release|Any CPU.ActiveCfg = Release|Any CPU
		{0E3E681E-9BF7-4FEB-B51D-F55AD4CA3CFB}.Release|Any CPU.Build.0 = Release|Any CPU
		{4FA2681E-02E1-4D1D-B1BF-BAA18A3455DD}.Debug|Any CPU.ActiveCfg = Debug|Any CPU
		{4FA2681E-02E1-4D1D-B1BF-BAA18A3455DD}.Debug|Any CPU.Build.0 = Debug|Any CPU
		{4FA2681E-02E1-4D1D-B1BF-BAA18A3455DD}.Release|Any CPU.ActiveCfg = Release|Any CPU
		{4FA2681E-02E1-4D1D-B1BF-BAA18A3455DD}.Release|Any CPU.Build.0 = Release|Any CPU
		{78F60817-DDCC-4543-824F-27EAF6FDD1D7}.Debug|Any CPU.ActiveCfg = Debug|Any CPU
		{78F60817-DDCC-4543-824F-27EAF6FDD1D7}.Debug|Any CPU.Build.0 = Debug|Any CPU
		{78F60817-DDCC-4543-824F-27EAF6FDD1D7}.Release|Any CPU.ActiveCfg = Release|Any CPU
		{78F60817-DDCC-4543-824F-27EAF6FDD1D7}.Release|Any CPU.Build.0 = Release|Any CPU
		{25518AEC-C914-48D2-BDF7-DD14F82F5280}.Debug|Any CPU.ActiveCfg = Debug|Any CPU
		{25518AEC-C914-48D2-BDF7-DD14F82F5280}.Debug|Any CPU.Build.0 = Debug|Any CPU
		{25518AEC-C914-48D2-BDF7-DD14F82F5280}.Release|Any CPU.ActiveCfg = Release|Any CPU
		{25518AEC-C914-48D2-BDF7-DD14F82F5280}.Release|Any CPU.Build.0 = Release|Any CPU
		{BC4B0287-626C-4325-B202-38C6F0C62A61}.Debug|Any CPU.ActiveCfg = Debug|Any CPU
		{BC4B0287-626C-4325-B202-38C6F0C62A61}.Debug|Any CPU.Build.0 = Debug|Any CPU
		{BC4B0287-626C-4325-B202-38C6F0C62A61}.Release|Any CPU.ActiveCfg = Release|Any CPU
		{BC4B0287-626C-4325-B202-38C6F0C62A61}.Release|Any CPU.Build.0 = Release|Any CPU
		{6A2F8208-63BC-441C-86FB-1956AEE2CD22}.Debug|Any CPU.ActiveCfg = Debug|Any CPU
		{6A2F8208-63BC-441C-86FB-1956AEE2CD22}.Debug|Any CPU.Build.0 = Debug|Any CPU
		{6A2F8208-63BC-441C-86FB-1956AEE2CD22}.Release|Any CPU.ActiveCfg = Release|Any CPU
		{6A2F8208-63BC-441C-86FB-1956AEE2CD22}.Release|Any CPU.Build.0 = Release|Any CPU
		{26679D2F-8E73-4A67-814C-E54A37597D86}.Debug|Any CPU.ActiveCfg = Debug|Any CPU
		{26679D2F-8E73-4A67-814C-E54A37597D86}.Debug|Any CPU.Build.0 = Debug|Any CPU
		{26679D2F-8E73-4A67-814C-E54A37597D86}.Release|Any CPU.ActiveCfg = Release|Any CPU
		{26679D2F-8E73-4A67-814C-E54A37597D86}.Release|Any CPU.Build.0 = Release|Any CPU
		{2D739D2F-3D0E-43E9-B5C1-79E8BC1531A3}.Debug|Any CPU.ActiveCfg = Debug|Any CPU
		{2D739D2F-3D0E-43E9-B5C1-79E8BC1531A3}.Debug|Any CPU.Build.0 = Debug|Any CPU
		{2D739D2F-3D0E-43E9-B5C1-79E8BC1531A3}.Release|Any CPU.ActiveCfg = Release|Any CPU
		{2D739D2F-3D0E-43E9-B5C1-79E8BC1531A3}.Release|Any CPU.Build.0 = Release|Any CPU
		{207A6EFE-E39A-485D-AC1C-086E08553602}.Debug|Any CPU.ActiveCfg = Debug|Any CPU
		{207A6EFE-E39A-485D-AC1C-086E08553602}.Debug|Any CPU.Build.0 = Debug|Any CPU
		{207A6EFE-E39A-485D-AC1C-086E08553602}.Release|Any CPU.ActiveCfg = Release|Any CPU
		{207A6EFE-E39A-485D-AC1C-086E08553602}.Release|Any CPU.Build.0 = Release|Any CPU
		{D81FE524-9F92-4C33-8ED7-7E8EB1DCB883}.Debug|Any CPU.ActiveCfg = Debug|Any CPU
		{D81FE524-9F92-4C33-8ED7-7E8EB1DCB883}.Debug|Any CPU.Build.0 = Debug|Any CPU
		{D81FE524-9F92-4C33-8ED7-7E8EB1DCB883}.Release|Any CPU.ActiveCfg = Release|Any CPU
		{D81FE524-9F92-4C33-8ED7-7E8EB1DCB883}.Release|Any CPU.Build.0 = Release|Any CPU
		{6DD76A59-0250-49AE-AD17-836046A1E51B}.Debug|Any CPU.ActiveCfg = Debug|Any CPU
		{6DD76A59-0250-49AE-AD17-836046A1E51B}.Debug|Any CPU.Build.0 = Debug|Any CPU
		{6DD76A59-0250-49AE-AD17-836046A1E51B}.Release|Any CPU.ActiveCfg = Release|Any CPU
		{6DD76A59-0250-49AE-AD17-836046A1E51B}.Release|Any CPU.Build.0 = Release|Any CPU
		{E1177EE1-2FAA-400A-9E9B-DAF9A34A9326}.Debug|Any CPU.ActiveCfg = Debug|Any CPU
		{E1177EE1-2FAA-400A-9E9B-DAF9A34A9326}.Debug|Any CPU.Build.0 = Debug|Any CPU
		{E1177EE1-2FAA-400A-9E9B-DAF9A34A9326}.Release|Any CPU.ActiveCfg = Release|Any CPU
		{E1177EE1-2FAA-400A-9E9B-DAF9A34A9326}.Release|Any CPU.Build.0 = Release|Any CPU
		{3CCB83EB-DC13-423C-8992-E6302E7769F2}.Debug|Any CPU.ActiveCfg = Debug|Any CPU
		{3CCB83EB-DC13-423C-8992-E6302E7769F2}.Debug|Any CPU.Build.0 = Debug|Any CPU
		{3CCB83EB-DC13-423C-8992-E6302E7769F2}.Release|Any CPU.ActiveCfg = Release|Any CPU
		{3CCB83EB-DC13-423C-8992-E6302E7769F2}.Release|Any CPU.Build.0 = Release|Any CPU
		{BD389A38-D3EC-402A-B1F9-051E06353ECF}.Debug|Any CPU.ActiveCfg = Debug|Any CPU
		{BD389A38-D3EC-402A-B1F9-051E06353ECF}.Debug|Any CPU.Build.0 = Debug|Any CPU
		{BD389A38-D3EC-402A-B1F9-051E06353ECF}.Release|Any CPU.ActiveCfg = Release|Any CPU
		{BD389A38-D3EC-402A-B1F9-051E06353ECF}.Release|Any CPU.Build.0 = Release|Any CPU
		{B3AF68E0-3D99-4A3D-A6C4-3CE9547FE2A9}.Debug|Any CPU.ActiveCfg = Debug|Any CPU
		{B3AF68E0-3D99-4A3D-A6C4-3CE9547FE2A9}.Debug|Any CPU.Build.0 = Debug|Any CPU
		{B3AF68E0-3D99-4A3D-A6C4-3CE9547FE2A9}.Release|Any CPU.ActiveCfg = Release|Any CPU
		{B3AF68E0-3D99-4A3D-A6C4-3CE9547FE2A9}.Release|Any CPU.Build.0 = Release|Any CPU
		{EABE3DBB-1F21-49C0-88A7-8911467680AE}.Debug|Any CPU.ActiveCfg = Debug|Any CPU
		{EABE3DBB-1F21-49C0-88A7-8911467680AE}.Debug|Any CPU.Build.0 = Debug|Any CPU
		{EABE3DBB-1F21-49C0-88A7-8911467680AE}.Release|Any CPU.ActiveCfg = Release|Any CPU
		{EABE3DBB-1F21-49C0-88A7-8911467680AE}.Release|Any CPU.Build.0 = Release|Any CPU
		{E203F1C1-E9AD-4F62-9789-1BAB37A6E64C}.Debug|Any CPU.ActiveCfg = Debug|Any CPU
		{E203F1C1-E9AD-4F62-9789-1BAB37A6E64C}.Debug|Any CPU.Build.0 = Debug|Any CPU
		{E203F1C1-E9AD-4F62-9789-1BAB37A6E64C}.Release|Any CPU.ActiveCfg = Release|Any CPU
		{E203F1C1-E9AD-4F62-9789-1BAB37A6E64C}.Release|Any CPU.Build.0 = Release|Any CPU
		{F60E58C9-6FA5-4CB2-AD0A-ABECAE0365DB}.Debug|Any CPU.ActiveCfg = Debug|Any CPU
		{F60E58C9-6FA5-4CB2-AD0A-ABECAE0365DB}.Debug|Any CPU.Build.0 = Debug|Any CPU
		{F60E58C9-6FA5-4CB2-AD0A-ABECAE0365DB}.Release|Any CPU.ActiveCfg = Release|Any CPU
		{F60E58C9-6FA5-4CB2-AD0A-ABECAE0365DB}.Release|Any CPU.Build.0 = Release|Any CPU
		{FBB5E96E-485B-459F-BC9A-AE9032FA067D}.Debug|Any CPU.ActiveCfg = Debug|Any CPU
		{FBB5E96E-485B-459F-BC9A-AE9032FA067D}.Debug|Any CPU.Build.0 = Debug|Any CPU
		{FBB5E96E-485B-459F-BC9A-AE9032FA067D}.Release|Any CPU.ActiveCfg = Release|Any CPU
		{FBB5E96E-485B-459F-BC9A-AE9032FA067D}.Release|Any CPU.Build.0 = Release|Any CPU
		{11FB5673-638E-4596-ABF6-40E863CCB012}.Debug|Any CPU.ActiveCfg = Debug|Any CPU
		{11FB5673-638E-4596-ABF6-40E863CCB012}.Debug|Any CPU.Build.0 = Debug|Any CPU
		{11FB5673-638E-4596-ABF6-40E863CCB012}.Release|Any CPU.ActiveCfg = Release|Any CPU
		{11FB5673-638E-4596-ABF6-40E863CCB012}.Release|Any CPU.Build.0 = Release|Any CPU
		{A95942E0-2B55-4F97-8144-1F4EAB64EA73}.Debug|Any CPU.ActiveCfg = Debug|Any CPU
		{A95942E0-2B55-4F97-8144-1F4EAB64EA73}.Debug|Any CPU.Build.0 = Debug|Any CPU
		{A95942E0-2B55-4F97-8144-1F4EAB64EA73}.Release|Any CPU.ActiveCfg = Release|Any CPU
		{A95942E0-2B55-4F97-8144-1F4EAB64EA73}.Release|Any CPU.Build.0 = Release|Any CPU
		{C69324CB-8B08-4327-9974-66A8C194CEF1}.Debug|Any CPU.ActiveCfg = Debug|Any CPU
		{C69324CB-8B08-4327-9974-66A8C194CEF1}.Debug|Any CPU.Build.0 = Debug|Any CPU
		{C69324CB-8B08-4327-9974-66A8C194CEF1}.Release|Any CPU.ActiveCfg = Release|Any CPU
		{C69324CB-8B08-4327-9974-66A8C194CEF1}.Release|Any CPU.Build.0 = Release|Any CPU
		{73F9D80D-5713-429F-B8BB-A4AA0D970C52}.Debug|Any CPU.ActiveCfg = Debug|Any CPU
		{73F9D80D-5713-429F-B8BB-A4AA0D970C52}.Debug|Any CPU.Build.0 = Debug|Any CPU
		{73F9D80D-5713-429F-B8BB-A4AA0D970C52}.Release|Any CPU.ActiveCfg = Release|Any CPU
		{73F9D80D-5713-429F-B8BB-A4AA0D970C52}.Release|Any CPU.Build.0 = Release|Any CPU
		{56A137D9-635A-4719-915E-C7BF66E2A13A}.Debug|Any CPU.ActiveCfg = Debug|Any CPU
		{56A137D9-635A-4719-915E-C7BF66E2A13A}.Debug|Any CPU.Build.0 = Debug|Any CPU
		{56A137D9-635A-4719-915E-C7BF66E2A13A}.Release|Any CPU.ActiveCfg = Release|Any CPU
		{56A137D9-635A-4719-915E-C7BF66E2A13A}.Release|Any CPU.Build.0 = Release|Any CPU
		{79989F16-D4A6-4468-8214-06D97C561A5B}.Debug|Any CPU.ActiveCfg = Debug|Any CPU
		{79989F16-D4A6-4468-8214-06D97C561A5B}.Debug|Any CPU.Build.0 = Debug|Any CPU
		{79989F16-D4A6-4468-8214-06D97C561A5B}.Release|Any CPU.ActiveCfg = Release|Any CPU
		{79989F16-D4A6-4468-8214-06D97C561A5B}.Release|Any CPU.Build.0 = Release|Any CPU
	EndGlobalSection
	GlobalSection(SolutionProperties) = preSolution
		HideSolutionNode = FALSE
	EndGlobalSection
	GlobalSection(NestedProjects) = preSolution
		{695A18EA-1D28-45D7-A8B4-99F971EAC627} = {55E51874-28F8-43CF-BFBE-338C9F4124DB}
		{56425D4A-E7E0-491F-82A0-2C078796149A} = {CC3D977F-8239-444A-ADFD-DDE22AE5E993}
		{04EA43B9-9BEC-4F39-BE0F-6886324BECAF} = {CC3D977F-8239-444A-ADFD-DDE22AE5E993}
		{A9E78704-037F-4DC5-88C1-E0D4B157B61F} = {CC3D977F-8239-444A-ADFD-DDE22AE5E993}
		{DA940A8B-E949-442A-8A26-C5010DE7E670} = {CC3D977F-8239-444A-ADFD-DDE22AE5E993}
		{F3C3C36B-D6F0-4CA2-A6EE-1662FC301E06} = {CC3D977F-8239-444A-ADFD-DDE22AE5E993}
		{54471BF1-2ECB-4BB9-BEBD-92B5846A370D} = {CC3D977F-8239-444A-ADFD-DDE22AE5E993}
		{F64DCC34-FEE7-452E-8D3D-800E2C73EAFE} = {CC3D977F-8239-444A-ADFD-DDE22AE5E993}
		{6E3483A7-1568-4779-903B-417A77FEC9A8} = {CC3D977F-8239-444A-ADFD-DDE22AE5E993}
		{4AC54D5A-8745-449B-A9FF-512C8A5CBFB0} = {CC3D977F-8239-444A-ADFD-DDE22AE5E993}
		{751B97A4-40EB-4D3C-A1C1-C42131053664} = {CC3D977F-8239-444A-ADFD-DDE22AE5E993}
		{6C3A25A1-9837-42A0-B993-DB567696F93D} = {CC3D977F-8239-444A-ADFD-DDE22AE5E993}
		{11AB8A7C-7850-4C5F-A878-C85F7277D4DD} = {CC3D977F-8239-444A-ADFD-DDE22AE5E993}
		{0E3E681E-9BF7-4FEB-B51D-F55AD4CA3CFB} = {CC3D977F-8239-444A-ADFD-DDE22AE5E993}
		{4FA2681E-02E1-4D1D-B1BF-BAA18A3455DD} = {CC3D977F-8239-444A-ADFD-DDE22AE5E993}
		{ADC12579-EA4F-4527-B8A4-B0D874C1ABC2} = {F55E25AD-0A8D-419E-803C-2818BAF27130}
		{78F60817-DDCC-4543-824F-27EAF6FDD1D7} = {5359754A-33EC-4FE5-B958-8EBE13CDA68F}
		{25518AEC-C914-48D2-BDF7-DD14F82F5280} = {5359754A-33EC-4FE5-B958-8EBE13CDA68F}
		{BC4B0287-626C-4325-B202-38C6F0C62A61} = {CC3D977F-8239-444A-ADFD-DDE22AE5E993}
		{195C9CA7-4EA8-4856-9E67-BDC47D23D3CC} = {55E51874-28F8-43CF-BFBE-338C9F4124DB}
		{B2CB0130-3E4C-4586-90D6-B117D62F5DF3} = {195C9CA7-4EA8-4856-9E67-BDC47D23D3CC}
		{6A2F8208-63BC-441C-86FB-1956AEE2CD22} = {5359754A-33EC-4FE5-B958-8EBE13CDA68F}
		{26679D2F-8E73-4A67-814C-E54A37597D86} = {5359754A-33EC-4FE5-B958-8EBE13CDA68F}
		{2D739D2F-3D0E-43E9-B5C1-79E8BC1531A3} = {5359754A-33EC-4FE5-B958-8EBE13CDA68F}
		{207A6EFE-E39A-485D-AC1C-086E08553602} = {5359754A-33EC-4FE5-B958-8EBE13CDA68F}
		{D81FE524-9F92-4C33-8ED7-7E8EB1DCB883} = {5359754A-33EC-4FE5-B958-8EBE13CDA68F}
		{6DD76A59-0250-49AE-AD17-836046A1E51B} = {5359754A-33EC-4FE5-B958-8EBE13CDA68F}
		{E1177EE1-2FAA-400A-9E9B-DAF9A34A9326} = {5359754A-33EC-4FE5-B958-8EBE13CDA68F}
		{3CCB83EB-DC13-423C-8992-E6302E7769F2} = {5359754A-33EC-4FE5-B958-8EBE13CDA68F}
		{BD389A38-D3EC-402A-B1F9-051E06353ECF} = {5359754A-33EC-4FE5-B958-8EBE13CDA68F}
		{B3AF68E0-3D99-4A3D-A6C4-3CE9547FE2A9} = {5359754A-33EC-4FE5-B958-8EBE13CDA68F}
		{EABE3DBB-1F21-49C0-88A7-8911467680AE} = {5359754A-33EC-4FE5-B958-8EBE13CDA68F}
		{E203F1C1-E9AD-4F62-9789-1BAB37A6E64C} = {5359754A-33EC-4FE5-B958-8EBE13CDA68F}
		{F60E58C9-6FA5-4CB2-AD0A-ABECAE0365DB} = {5359754A-33EC-4FE5-B958-8EBE13CDA68F}
		{FBB5E96E-485B-459F-BC9A-AE9032FA067D} = {5359754A-33EC-4FE5-B958-8EBE13CDA68F}
		{11FB5673-638E-4596-ABF6-40E863CCB012} = {CC3D977F-8239-444A-ADFD-DDE22AE5E993}
		{A95942E0-2B55-4F97-8144-1F4EAB64EA73} = {5359754A-33EC-4FE5-B958-8EBE13CDA68F}
		{C69324CB-8B08-4327-9974-66A8C194CEF1} = {CC3D977F-8239-444A-ADFD-DDE22AE5E993}
		{73F9D80D-5713-429F-B8BB-A4AA0D970C52} = {CC3D977F-8239-444A-ADFD-DDE22AE5E993}
		{56A137D9-635A-4719-915E-C7BF66E2A13A} = {CC3D977F-8239-444A-ADFD-DDE22AE5E993}
		{79989F16-D4A6-4468-8214-06D97C561A5B} = {CC3D977F-8239-444A-ADFD-DDE22AE5E993}
	EndGlobalSection
	GlobalSection(ExtensibilityGlobals) = postSolution
		SolutionGuid = {82681AFF-9974-4E44-B9E3-92562502F471}
	EndGlobalSection
EndGlobal
